
Microsoft Visual Studio Solution File, Format Version 12.00
# Visual Studio Version 17
VisualStudioVersion = 17.10.35122.118
MinimumVisualStudioVersion = 10.0.40219.1
Project("{2150E333-8FDC-42A3-9474-1A3956D46DE8}") = "src", "src", "{9514B46D-6961-47FB-B6B5-E06D4882EEE8}"
EndProject
Project("{2150E333-8FDC-42A3-9474-1A3956D46DE8}") = "test", "test", "{9ED830CA-9FED-4400-BC4E-DEE107371E7A}"
EndProject
Project("{2150E333-8FDC-42A3-9474-1A3956D46DE8}") = "API", "API", "{EDCB5C0C-5C52-4FA0-A792-702789033F7C}"
EndProject
Project("{2150E333-8FDC-42A3-9474-1A3956D46DE8}") = "Core", "Core", "{27FF9F39-295A-4EB6-A460-2FBB801BD424}"
EndProject
Project("{2150E333-8FDC-42A3-9474-1A3956D46DE8}") = "Infrastructure", "Infrastructure", "{25FD3D6B-A70D-4FC4-8AF8-42A55F5269E3}"
EndProject
Project("{9A19103F-16F7-4668-BE54-9A1E7A4F7556}") = "IbadahLover.Application", "IbadahLover.Application\IbadahLover.Application.csproj", "{FED66DFA-E04C-4262-A9FE-DF29D6D74406}"
EndProject
Project("{9A19103F-16F7-4668-BE54-9A1E7A4F7556}") = "IbadahLover.Domain", "IbadahLover.Domain\IbadahLover.Domain.csproj", "{E05E2945-A9F2-4C77-9195-821C303C5F15}"
EndProject
Project("{FAE04EC0-301F-11D3-BF4B-00C04F79EFBC}") = "IbadahLover.Persistence", "IbadahLover.Persistence\IbadahLover.Persistence.csproj", "{B305BDB0-FB9B-42C6-B496-7A3AED7F20C5}"
EndProject
Project("{FAE04EC0-301F-11D3-BF4B-00C04F79EFBC}") = "IbadahLover.Infrastructure", "IbadahLover.Infrastructure\IbadahLover.Infrastructure.csproj", "{FDCBD349-B1DC-4A2F-8145-4B5B2528C172}"
EndProject
Project("{FAE04EC0-301F-11D3-BF4B-00C04F79EFBC}") = "IbadahLover.API", "IbadahLover.API\IbadahLover.API.csproj", "{6E6DBADF-B435-49A7-BB69-4A9AC4EF9C1C}"
EndProject
Project("{FAE04EC0-301F-11D3-BF4B-00C04F79EFBC}") = "IbadahLover.Identity", "IbadahLover.Identity\IbadahLover.Identity.csproj", "{DDE1B04C-3951-40DC-AE6A-73C40A4D8A74}"
EndProject
Project("{FAE04EC0-301F-11D3-BF4B-00C04F79EFBC}") = "ILoveIbadah.Application.UnitTests", "ILoveIbadah.Application.UnitTests\ILoveIbadah.Application.UnitTests.csproj", "{604ED38A-628F-4A52-B042-18EF8E43467C}"
EndProject
Global
	GlobalSection(SolutionConfigurationPlatforms) = preSolution
		Debug|Any CPU = Debug|Any CPU
		Release|Any CPU = Release|Any CPU
	EndGlobalSection
	GlobalSection(ProjectConfigurationPlatforms) = postSolution
		{FED66DFA-E04C-4262-A9FE-DF29D6D74406}.Debug|Any CPU.ActiveCfg = Debug|Any CPU
		{FED66DFA-E04C-4262-A9FE-DF29D6D74406}.Debug|Any CPU.Build.0 = Debug|Any CPU
		{FED66DFA-E04C-4262-A9FE-DF29D6D74406}.Release|Any CPU.ActiveCfg = Release|Any CPU
		{FED66DFA-E04C-4262-A9FE-DF29D6D74406}.Release|Any CPU.Build.0 = Release|Any CPU
		{E05E2945-A9F2-4C77-9195-821C303C5F15}.Debug|Any CPU.ActiveCfg = Debug|Any CPU
		{E05E2945-A9F2-4C77-9195-821C303C5F15}.Debug|Any CPU.Build.0 = Debug|Any CPU
		{E05E2945-A9F2-4C77-9195-821C303C5F15}.Release|Any CPU.ActiveCfg = Release|Any CPU
		{E05E2945-A9F2-4C77-9195-821C303C5F15}.Release|Any CPU.Build.0 = Release|Any CPU
		{B305BDB0-FB9B-42C6-B496-7A3AED7F20C5}.Debug|Any CPU.ActiveCfg = Debug|Any CPU
		{B305BDB0-FB9B-42C6-B496-7A3AED7F20C5}.Debug|Any CPU.Build.0 = Debug|Any CPU
		{B305BDB0-FB9B-42C6-B496-7A3AED7F20C5}.Release|Any CPU.ActiveCfg = Release|Any CPU
		{B305BDB0-FB9B-42C6-B496-7A3AED7F20C5}.Release|Any CPU.Build.0 = Release|Any CPU
		{FDCBD349-B1DC-4A2F-8145-4B5B2528C172}.Debug|Any CPU.ActiveCfg = Debug|Any CPU
		{FDCBD349-B1DC-4A2F-8145-4B5B2528C172}.Debug|Any CPU.Build.0 = Debug|Any CPU
		{FDCBD349-B1DC-4A2F-8145-4B5B2528C172}.Release|Any CPU.ActiveCfg = Release|Any CPU
		{FDCBD349-B1DC-4A2F-8145-4B5B2528C172}.Release|Any CPU.Build.0 = Release|Any CPU
		{6E6DBADF-B435-49A7-BB69-4A9AC4EF9C1C}.Debug|Any CPU.ActiveCfg = Debug|Any CPU
		{6E6DBADF-B435-49A7-BB69-4A9AC4EF9C1C}.Debug|Any CPU.Build.0 = Debug|Any CPU
		{6E6DBADF-B435-49A7-BB69-4A9AC4EF9C1C}.Release|Any CPU.ActiveCfg = Release|Any CPU
		{6E6DBADF-B435-49A7-BB69-4A9AC4EF9C1C}.Release|Any CPU.Build.0 = Release|Any CPU
		{DDE1B04C-3951-40DC-AE6A-73C40A4D8A74}.Debug|Any CPU.ActiveCfg = Debug|Any CPU
		{DDE1B04C-3951-40DC-AE6A-73C40A4D8A74}.Debug|Any CPU.Build.0 = Debug|Any CPU
		{DDE1B04C-3951-40DC-AE6A-73C40A4D8A74}.Release|Any CPU.ActiveCfg = Release|Any CPU
		{DDE1B04C-3951-40DC-AE6A-73C40A4D8A74}.Release|Any CPU.Build.0 = Release|Any CPU
		{604ED38A-628F-4A52-B042-18EF8E43467C}.Debug|Any CPU.ActiveCfg = Debug|Any CPU
		{604ED38A-628F-4A52-B042-18EF8E43467C}.Debug|Any CPU.Build.0 = Debug|Any CPU
		{604ED38A-628F-4A52-B042-18EF8E43467C}.Release|Any CPU.ActiveCfg = Release|Any CPU
		{604ED38A-628F-4A52-B042-18EF8E43467C}.Release|Any CPU.Build.0 = Release|Any CPU
	EndGlobalSection
	GlobalSection(SolutionProperties) = preSolution
		HideSolutionNode = FALSE
	EndGlobalSection
	GlobalSection(NestedProjects) = preSolution
		{EDCB5C0C-5C52-4FA0-A792-702789033F7C} = {9514B46D-6961-47FB-B6B5-E06D4882EEE8}
		{27FF9F39-295A-4EB6-A460-2FBB801BD424} = {9514B46D-6961-47FB-B6B5-E06D4882EEE8}
		{25FD3D6B-A70D-4FC4-8AF8-42A55F5269E3} = {9514B46D-6961-47FB-B6B5-E06D4882EEE8}
		{FED66DFA-E04C-4262-A9FE-DF29D6D74406} = {27FF9F39-295A-4EB6-A460-2FBB801BD424}
		{E05E2945-A9F2-4C77-9195-821C303C5F15} = {27FF9F39-295A-4EB6-A460-2FBB801BD424}
		{B305BDB0-FB9B-42C6-B496-7A3AED7F20C5} = {25FD3D6B-A70D-4FC4-8AF8-42A55F5269E3}
		{FDCBD349-B1DC-4A2F-8145-4B5B2528C172} = {25FD3D6B-A70D-4FC4-8AF8-42A55F5269E3}
		{6E6DBADF-B435-49A7-BB69-4A9AC4EF9C1C} = {EDCB5C0C-5C52-4FA0-A792-702789033F7C}
		{DDE1B04C-3951-40DC-AE6A-73C40A4D8A74} = {25FD3D6B-A70D-4FC4-8AF8-42A55F5269E3}
		{604ED38A-628F-4A52-B042-18EF8E43467C} = {9ED830CA-9FED-4400-BC4E-DEE107371E7A}
	EndGlobalSection
	GlobalSection(ExtensibilityGlobals) = postSolution
		SolutionGuid = {55533CF9-754F-4B54-862D-9E1579CB0D4A}
	EndGlobalSection
EndGlobal
